# @generated - this file is auto-generated by `mise lock` https://mise.en.dev/dev-tools/mise-lock.html

[[tools.act]]
version = "0.2.89"
backend = "aqua:nektos/act"

[tools.act."platforms.linux-arm64"]
checksum = "sha256:daa8679ba9615a74d2d0cec321dc593f21948a2a11bb65862b063d8b930f4bcb"
url = "https://github.com/nektos/act/releases/download/v0.2.89/act_Linux_arm64.tar.gz"

[tools.act."platforms.linux-x64"]
checksum = "sha256:0191d6f1f3b716b5c55820032605d05fc3c1cdbf581ebeff655019e5dd1524c0"
url = "https://github.com/nektos/act/releases/download/v0.2.89/act_Linux_x86_64.tar.gz"

[tools.act."platforms.macos-arm64"]
checksum = "sha256:48ae218af96725f7635a66de2b87e1e346893b02add0f16b92f560296b2151fc"
url = "https://github.com/nektos/act/releases/download/v0.2.89/act_Darwin_arm64.tar.gz"

[tools.act."platforms.windows-x64"]
checksum = "sha256:0f8cf866ad7e32421a219fc551a0a0ea5d12ead464de12ebfeafd334a5973b50"
url = "https://github.com/nektos/act/releases/download/v0.2.89/act_Windows_x86_64.zip"

[[tools.actionlint]]
version = "1.7.12"
backend = "aqua:rhysd/actionlint"

[tools.actionlint."platforms.linux-arm64"]
checksum = "sha256:325e971b6ba9bfa504672e29be93c24981eeb1c07576d730e9f7c8805afff0c6"
url = "https://github.com/rhysd/actionlint/releases/download/v1.7.12/actionlint_1.7.12_linux_arm64.tar.gz"
provenance = "github-attestations"

[tools.actionlint."platforms.linux-x64"]
checksum = "sha256:8aca8db96f1b94770f1b0d72b6dddcb1ebb8123cb3712530b08cc387b349a3d8"
url = "https://github.com/rhysd/actionlint/releases/download/v1.7.12/actionlint_1.7.12_linux_amd64.tar.gz"
provenance = "github-attestations"

[tools.actionlint."platforms.macos-arm64"]
checksum = "sha256:aba9ced2dee8d27fecca3dc7feb1a7f9a52caefa1eb46f3271ea66b6e0e6953f"
url = "https://github.com/rhysd/actionlint/releases/download/v1.7.12/actionlint_1.7.12_darwin_arm64.tar.gz"
provenance = "github-attestations"

[tools.actionlint."platforms.windows-x64"]
checksum = "sha256:6e7241b51e6817ea6a047693d8e6fed13b31819c9a0dd6c5a726e1592d22f6e9"
url = "https://github.com/rhysd/actionlint/releases/download/v1.7.12/actionlint_1.7.12_windows_amd64.zip"
provenance = "github-attestations"

[[tools."cargo:cargo-npm"]]
version = "0.1.2"
backend = "cargo:cargo-npm"

[[tools.gh]]
version = "2.95.0"
backend = "aqua:cli/cli"

[tools.gh."platforms.linux-arm64"]
checksum = "sha256:d41e0b3b6218e5741c8bb4db39b16e53a59e0e06299a8489bd38f623ef7ebaae"
url = "https://github.com/cli/cli/releases/download/v2.95.0/gh_2.95.0_linux_arm64.tar.gz"
provenance = "github-attestations"

[tools.gh."platforms.linux-x64"]
checksum = "sha256:25d1e4729e8808c9ed3d613e96ebd3f3e44446f2d368c89d878a71a36ddb3d8c"
url = "https://github.com/cli/cli/releases/download/v2.95.0/gh_2.95.0_linux_amd64.tar.gz"
provenance = "github-attestations"

[tools.gh."platforms.macos-arm64"]
checksum = "sha256:3677f9c27965825f9c7d50395473c134edaea4b484373ef6b25de653570a0489"
url = "https://github.com/cli/cli/releases/download/v2.95.0/gh_2.95.0_macOS_arm64.zip"
provenance = "github-attestations"

[tools.gh."platforms.windows-x64"]
checksum = "sha256:19a7154161ada9cfaa9e57edb752ecc679b75c391a62e4f7b586eea1df30b5bb"
url = "https://github.com/cli/cli/releases/download/v2.95.0/gh_2.95.0_windows_amd64.zip"
provenance = "github-attestations"

[[tools."github:EmbarkStudios/cargo-deny"]]
version = "0.19.9"
backend = "github:EmbarkStudios/cargo-deny"

[tools."github:EmbarkStudios/cargo-deny"."platforms.linux-arm64"]
checksum = "sha256:32580dcc2bc13fbeeb7c50edc38ef99c3b9ce9569a1d07a96e11b3b941f3e72e"
url = "https://github.com/EmbarkStudios/cargo-deny/releases/download/0.19.9/cargo-deny-0.19.9-aarch64-unknown-linux-musl.tar.gz"
url_api = "https://api.github.com/repos/EmbarkStudios/cargo-deny/releases/assets/448252613"

[tools."github:EmbarkStudios/cargo-deny"."platforms.linux-x64"]
checksum = "sha256:f1f8eedc2a3ac297c540873f93785d4104b102c0079506b2a6b3221b7ec956af"
url = "https://github.com/EmbarkStudios/cargo-deny/releases/download/0.19.9/cargo-deny-0.19.9-x86_64-unknown-linux-musl.tar.gz"
url_api = "https://api.github.com/repos/EmbarkStudios/cargo-deny/releases/assets/448252773"

[tools."github:EmbarkStudios/cargo-deny"."platforms.macos-arm64"]
checksum = "sha256:be6fd555e910ac360e25cbef4f16ead47d87d2545fa07aa27223ef0f9af1a02c"
url = "https://github.com/EmbarkStudios/cargo-deny/releases/download/0.19.9/cargo-deny-0.19.9-aarch64-apple-darwin.tar.gz"
url_api = "https://api.github.com/repos/EmbarkStudios/cargo-deny/releases/assets/448252343"

[tools."github:EmbarkStudios/cargo-deny"."platforms.windows-x64"]
checksum = "sha256:a0f2b3da55444f1a354fcbd20ce4b94981ab8193c1b674362d4761905f31ffd0"
url = "https://github.com/EmbarkStudios/cargo-deny/releases/download/0.19.9/cargo-deny-0.19.9-x86_64-pc-windows-msvc.tar.gz"
url_api = "https://api.github.com/repos/EmbarkStudios/cargo-deny/releases/assets/448254342"

[[tools."github:lycheeverse/lychee"]]
version = "lychee-v0.24.2"
backend = "github:lycheeverse/lychee"

[tools."github:lycheeverse/lychee"."platforms.linux-arm64"]
checksum = "sha256:91a7bd65685da41b90ccb9bc867a3d649a7818042dae04ff405e55a25bddee4c"
url = "https://github.com/lycheeverse/lychee/releases/download/lychee-v0.24.2/lychee-aarch64-unknown-linux-gnu.tar.gz"
url_api = "https://api.github.com/repos/lycheeverse/lychee/releases/assets/409959442"

[tools."github:lycheeverse/lychee"."platforms.linux-x64"]
checksum = "sha256:1f4e0ef7f6554a6ed33dd7ac144fb2e1bbed98598e7af973042fc5cd43951c9a"
url = "https://github.com/lycheeverse/lychee/releases/download/lychee-v0.24.2/lychee-x86_64-unknown-linux-gnu.tar.gz"
url_api = "https://api.github.com/repos/lycheeverse/lychee/releases/assets/409959156"

[tools."github:lycheeverse/lychee"."platforms.macos-arm64"]
checksum = "sha256:c9d3740ea2d891854d37116c9fba840f37b6e7c89d330e7db84ac333631c4977"
url = "https://github.com/lycheeverse/lychee/releases/download/lychee-v0.24.2/lychee-aarch64-apple-darwin.tar.gz"
url_api = "https://api.github.com/repos/lycheeverse/lychee/releases/assets/409957951"

[tools."github:lycheeverse/lychee"."platforms.windows-x64"]
checksum = "sha256:32975d1493ee1a975d6bb41e4fb56fe419cb442ded628bb772ba2e614acfacad"
url = "https://github.com/lycheeverse/lychee/releases/download/lychee-v0.24.2/lychee-x86_64-pc-windows-msvc.zip"
url_api = "https://api.github.com/repos/lycheeverse/lychee/releases/assets/409959491"

[[tools."github:obi1kenobi/cargo-semver-checks"]]
version = "0.48.0"
backend = "github:obi1kenobi/cargo-semver-checks"

[tools."github:obi1kenobi/cargo-semver-checks"."platforms.linux-arm64"]
checksum = "sha256:1bc0d4d70af9c3ae086af958e67da2a12eaa4978896596f5499792755b62ea60"
url = "https://github.com/obi1kenobi/cargo-semver-checks/releases/download/v0.48.0/cargo-semver-checks-aarch64-unknown-linux-gnu.tar.gz"
url_api = "https://api.github.com/repos/obi1kenobi/cargo-semver-checks/releases/assets/434499593"

[tools."github:obi1kenobi/cargo-semver-checks"."platforms.linux-x64"]
checksum = "sha256:fc0144b6cfd8820bdb4180228212c26e6ee6b58363a20849c3386a5d22e90c3d"
url = "https://github.com/obi1kenobi/cargo-semver-checks/releases/download/v0.48.0/cargo-semver-checks-x86_64-unknown-linux-gnu.tar.gz"
url_api = "https://api.github.com/repos/obi1kenobi/cargo-semver-checks/releases/assets/434498579"

[tools."github:obi1kenobi/cargo-semver-checks"."platforms.macos-arm64"]
checksum = "sha256:4ec2693d8d26126bde3d61dd99d4fb8b19a7e3908dea0283d5d4b58450a7dc80"
url = "https://github.com/obi1kenobi/cargo-semver-checks/releases/download/v0.48.0/cargo-semver-checks-aarch64-apple-darwin.tar.gz"
url_api = "https://api.github.com/repos/obi1kenobi/cargo-semver-checks/releases/assets/434498444"

[tools."github:obi1kenobi/cargo-semver-checks"."platforms.windows-x64"]
checksum = "sha256:a83ac4ea3fd15a4af96d88426a9c123066cc546a684064be46160bd54cde9059"
url = "https://github.com/obi1kenobi/cargo-semver-checks/releases/download/v0.48.0/cargo-semver-checks-x86_64-pc-windows-msvc.zip"
url_api = "https://api.github.com/repos/obi1kenobi/cargo-semver-checks/releases/assets/434501062"

[[tools.node]]
version = "22.23.1"
backend = "core:node"

[tools.node."platforms.linux-arm64"]
checksum = "sha256:543fa39e57d4c07855939459a323f4deb9a79dd1bb45e6e99458b0f2de10db8d"
url = "https://nodejs.org/dist/v22.23.1/node-v22.23.1-linux-arm64.tar.gz"

[tools.node."platforms.linux-x64"]
checksum = "sha256:7a8cb04b4a1df4eaf432125324b81b29a088e73570a23259a8de1c65d07fc129"
url = "https://nodejs.org/dist/v22.23.1/node-v22.23.1-linux-x64.tar.gz"

[tools.node."platforms.macos-arm64"]
checksum = "sha256:ef28d8fab2c0e4314522d4bb1b7173270aa3937e93b92cb7de79c112ac1fa953"
url = "https://nodejs.org/dist/v22.23.1/node-v22.23.1-darwin-arm64.tar.gz"

[tools.node."platforms.windows-x64"]
checksum = "sha256:7df0bc9375723f4a86b3aa1b7cc73342423d9677a8df4538aca31a049e309c29"
url = "https://nodejs.org/dist/v22.23.1/node-v22.23.1-win-x64.zip"

[[tools.rust]]
version = "1.96.0"
backend = "core:rust"
